
Microsoft Visual Studio Solution File, Format Version 12.00
# Visual Studio Version 17
VisualStudioVersion = 17.13.35825.156 d17.13
MinimumVisualStudioVersion = 10.0.40219.1
Project("{FAE04EC0-301F-11D3-BF4B-00C04F79EFBC}") = "RazorPagesMovie", "RazorPagesMovie.csproj", "{75B68734-4AB4-455B-A477-F1D72278D36F}"
EndProject
Global
	GlobalSection(SolutionConfigurationPlatforms) = preSolution
		Debug|Any CPU = Debug|Any CPU
		Release|Any CPU = Release|Any CPU
	EndGlobalSection
	GlobalSection(ProjectConfigurationPlatforms) = postSolution
		{75B68734-4AB4-455B-A477-F1D72278D36F}.Debug|Any CPU.ActiveCfg = Debug|Any CPU
		{75B68734-4AB4-455B-A477-F1D72278D36F}.Debug|Any CPU.Build.0 = Debug|Any CPU
		{75B68734-4AB4-455B-A477-F1D72278D36F}.Release|Any CPU.ActiveCfg = Release|Any CPU
		{75B68734-4AB4-455B-A477-F1D72278D36F}.Release|Any CPU.Build.0 = Release|Any CPU
	EndGlobalSection
	GlobalSection(SolutionProperties) = preSolution
		HideSolutionNode = FALSE
	EndGlobalSection
	GlobalSection(ExtensibilityGlobals) = postSolution
		SolutionGuid = {2A1CBED9-E55B-44BF-A5BF-C3AA2CB0E701}
	EndGlobalSection
EndGlobal
